<?xml version="1.0" encoding="utf-8"?>
<Project ToolsVersion="4.0" xmlns="http://schemas.microsoft.com/developer/msbuild/2003">
  <ItemGroup>
    <Filter Include="Source Files">
      <UniqueIdentifier>{4FC737F1-C7A5-4376-A066-2A32D752A2FF}</UniqueIdentifier>
      <Extensions>cpp;c;cc;cxx;def;odl;idl;hpj;bat;asm;asmx</Extensions>
    </Filter>
    <Filter Include="Header Files">
      <UniqueIdentifier>{93995380-89BD-4b04-88EB-625FBE52EBFB}</UniqueIdentifier>
      <Extensions>h;hpp;hxx;hm;inl;inc;xsd</Extensions>
    </Filter>
    <Filter Include="Resource Files">
      <UniqueIdentifier>{67DA6AB6-F800-4c08-8B7A-83BB121AAD01}</UniqueIdentifier>
      <Extensions>rc;ico;cur;bmp;dlg;rc2;rct;bin;rgs;gif;jpg;jpeg;jpe;resx;tiff;tif;png;wav</Extensions>
    </Filter>
  </ItemGroup>
  <ItemGroup>
    <ClCompile Include="dlgAbout.cpp">
      <Filter>Source Files</Filter>
    </ClCompile>
    <ClCompile Include="dlgConfig.cpp">
      <Filter>Source Files</Filter>
    </ClCompile>
    <ClCompile Include="dlgGeneral.cpp">
      <Filter>Source Files</Filter>
    </ClCompile>
    <ClCompile Include="dlgNewFingerprint.cpp">
      <Filter>Source Files</Filter>
    </ClCompile>
    <ClCompile Include="dlgPrefs.cpp">
      <Filter>Source Files</Filter>
    </ClCompile>
    <ClCompile Include="dlgSession.cpp">
      <Filter>Source Files</Filter>
    </ClCompile>
    <ClCompile Include="dlgUnknownFingerprint.cpp">
      <Filter>Source Files</Filter>
    </ClCompile>
    <ClCompile Include="dlgVerifyFingerprint.cpp">
      <Filter>Source Files</Filter>
    </ClCompile>
    <ClCompile Include="totrConfig.cpp">
      <Filter>Source Files</Filter>
    </ClCompile>
    <ClCompile Include="totrMenu.cpp">
      <Filter>Source Files</Filter>
    </ClCompile>
    <ClCompile Include="totrOtrl.cpp">
      <Filter>Source Files</Filter>
    </ClCompile>
    <ClCompile Include="totrUtils.cpp">
      <Filter>Source Files</Filter>
    </ClCompile>
    <ClCompile Include="TrillianOTR.cpp">
      <Filter>Source Files</Filter>
    </ClCompile>
    <ClCompile Include="stdafx.cpp">
      <Filter>Source Files</Filter>
    </ClCompile>
    <ClCompile Include="TotrState.cpp">
      <Filter>Source Files</Filter>
    </ClCompile>
    <ClCompile Include="TrillianTypes.cpp">
      <Filter>Source Files</Filter>
    </ClCompile>
    <ClCompile Include="SMPStartDlg.cpp">
      <Filter>Source Files</Filter>
    </ClCompile>
    <ClCompile Include="SMPChallengeDlg.cpp">
      <Filter>Source Files</Filter>
    </ClCompile>
  </ItemGroup>
  <ItemGroup>
    <ClInclude Include="dlgAbout.h">
      <Filter>Header Files</Filter>
    </ClInclude>
    <ClInclude Include="dlgConfig.h">
      <Filter>Header Files</Filter>
    </ClInclude>
    <ClInclude Include="dlgGeneral.h">
      <Filter>Header Files</Filter>
    </ClInclude>
    <ClInclude Include="dlgNewFingerprint.h">
      <Filter>Header Files</Filter>
    </ClInclude>
    <ClInclude Include="dlgPrefs.h">
      <Filter>Header Files</Filter>
    </ClInclude>
    <ClInclude Include="dlgSession.h">
      <Filter>Header Files</Filter>
    </ClInclude>
    <ClInclude Include="dlgUnknownFingerprint.h">
      <Filter>Header Files</Filter>
    </ClInclude>
    <ClInclude Include="dlgVerifyFingerprint.h">
      <Filter>Header Files</Filter>
    </ClInclude>
    <ClInclude Include="resource.h">
      <Filter>Header Files</Filter>
    </ClInclude>
    <ClInclude Include="targetver.h">
      <Filter>Header Files</Filter>
    </ClInclude>
    <ClInclude Include="totrConfig.h">
      <Filter>Header Files</Filter>
    </ClInclude>
    <ClInclude Include="TrillianOTR.h">
      <Filter>Header Files</Filter>
    </ClInclude>
    <ClInclude Include="stdafx.h">
      <Filter>Header Files</Filter>
    </ClInclude>
    <ClInclude Include="TotrState.h">
      <Filter>Header Files</Filter>
    </ClInclude>
    <ClInclude Include="TotrAppData.h">
      <Filter>Header Files</Filter>
    </ClInclude>
    <ClInclude Include="totrMenu.h">
      <Filter>Header Files</Filter>
    </ClInclude>
    <ClInclude Include="TotrUtils.h">
      <Filter>Header Files</Filter>
    </ClInclude>
    <ClInclude Include="ConnectionEntryWrapperT.h">
      <Filter>Header Files</Filter>
    </ClInclude>
    <ClInclude Include="totrOtrl.h">
      <Filter>Header Files</Filter>
    </ClInclude>
    <ClInclude Include="TrillianTypes.h">
      <Filter>Header Files</Filter>
    </ClInclude>
    <ClInclude Include="SMPStartDlg.h">
      <Filter>Header Files</Filter>
    </ClInclude>
    <ClInclude Include="SMPChallengeDlg.h">
      <Filter>Header Files</Filter>
    </ClInclude>
  </ItemGroup>
  <ItemGroup>
    <None Include="ReadMe.txt" />
    <None Include="risen-logo.bmp">
      <Filter>Resource Files</Filter>
    </None>
    <None Include="license.txt" />
    <None Include="gpl.txt" />
    <None Include="risen_icon_48.png">
      <Filter>Resource Files</Filter>
    </None>
    <None Include="risen_icon_32.png">
      <Filter>Resource Files</Filter>
    </None>
  </ItemGroup>
  <ItemGroup>
    <ResourceCompile Include="trillianotr_res.rc">
      <Filter>Resource Files</Filter>
    </ResourceCompile>
  </ItemGroup>
</Project>