<?xml version="1.0" encoding="utf-8"?>
<Project ToolsVersion="4.0" xmlns="http://schemas.microsoft.com/developer/msbuild/2003">
  <ItemGroup>
    <Filter Include="Source Files">
      <UniqueIdentifier>{2a36dc1c-ddd9-494e-a923-1b7683dfde23}</UniqueIdentifier>
      <Extensions>cpp;c;cxx;rc;def;r;odl;idl;hpj;bat</Extensions>
    </Filter>
    <Filter Include="Header Files">
      <UniqueIdentifier>{6779ccfa-6948-4e68-aad3-c90e9f67dc9a}</UniqueIdentifier>
      <Extensions>h;hpp;hxx;hm;inl</Extensions>
    </Filter>
    <Filter Include="custom">
      <UniqueIdentifier>{ee0b15e9-de2a-406c-a80e-14a4e98692fb}</UniqueIdentifier>
    </Filter>
  </ItemGroup>
  <ItemGroup>
    <ClInclude Include="custom\config.h">
      <Filter>custom</Filter>
    </ClInclude>
    <ClInclude Include="..\..\libotr-3.2.0\src\b64.h">
      <Filter>Header Files</Filter>
    </ClInclude>
    <ClInclude Include="..\..\libotr-3.2.0\src\context.h">
      <Filter>Header Files</Filter>
    </ClInclude>
    <ClInclude Include="..\..\libotr-3.2.0\src\dh.h">
      <Filter>Header Files</Filter>
    </ClInclude>
    <ClInclude Include="..\..\libotr-3.2.0\src\mem.h">
      <Filter>Header Files</Filter>
    </ClInclude>
    <ClInclude Include="..\..\libotr-3.2.0\src\message.h">
      <Filter>Header Files</Filter>
    </ClInclude>
    <ClInclude Include="..\..\libotr-3.2.0\src\privkey.h">
      <Filter>Header Files</Filter>
    </ClInclude>
    <ClInclude Include="..\..\libotr-3.2.0\src\privkey-t.h">
      <Filter>Header Files</Filter>
    </ClInclude>
    <ClInclude Include="..\..\libotr-3.2.0\src\proto.h">
      <Filter>Header Files</Filter>
    </ClInclude>
    <ClInclude Include="..\..\libotr-3.2.0\src\serial.h">
      <Filter>Header Files</Filter>
    </ClInclude>
    <ClInclude Include="..\..\libotr-3.2.0\src\sm.h">
      <Filter>Header Files</Filter>
    </ClInclude>
    <ClInclude Include="..\..\libotr-3.2.0\src\tlv.h">
      <Filter>Header Files</Filter>
    </ClInclude>
    <ClInclude Include="..\..\libotr-3.2.0\src\userstate.h">
      <Filter>Header Files</Filter>
    </ClInclude>
    <ClInclude Include="..\..\libotr-3.2.0\src\version.h">
      <Filter>Header Files</Filter>
    </ClInclude>
    <ClInclude Include="..\..\libotr-3.2.0\src\auth.h">
      <Filter>Header Files</Filter>
    </ClInclude>
  </ItemGroup>
  <ItemGroup>
    <ClCompile Include="..\..\libotr-3.2.0\src\message.c">
      <Filter>Source Files</Filter>
    </ClCompile>
    <ClCompile Include="..\..\libotr-3.2.0\src\privkey.c">
      <Filter>Source Files</Filter>
    </ClCompile>
    <ClCompile Include="..\..\libotr-3.2.0\src\proto.c">
      <Filter>Source Files</Filter>
    </ClCompile>
    <ClCompile Include="..\..\libotr-3.2.0\src\sm.c">
      <Filter>Source Files</Filter>
    </ClCompile>
    <ClCompile Include="..\..\libotr-3.2.0\src\tlv.c">
      <Filter>Source Files</Filter>
    </ClCompile>
    <ClCompile Include="..\..\libotr-3.2.0\src\userstate.c">
      <Filter>Source Files</Filter>
    </ClCompile>
    <ClCompile Include="..\..\libotr-3.2.0\src\auth.c">
      <Filter>Source Files</Filter>
    </ClCompile>
    <ClCompile Include="..\..\libotr-3.2.0\src\b64.c">
      <Filter>Source Files</Filter>
    </ClCompile>
    <ClCompile Include="..\..\libotr-3.2.0\src\context.c">
      <Filter>Source Files</Filter>
    </ClCompile>
    <ClCompile Include="..\..\libotr-3.2.0\src\dh.c">
      <Filter>Source Files</Filter>
    </ClCompile>
    <ClCompile Include="..\..\libotr-3.2.0\src\mem.c">
      <Filter>Source Files</Filter>
    </ClCompile>
  </ItemGroup>
</Project>